// !$*UTF8*$!
{
	archiveVersion = 1;
	classes = {
	};
	objectVersion = 55;
	objects = {

/* Begin PBXBuildFile section */
		0229C5912985FADB00751923 /* Then.swift in Sources */ = {isa = PBXBuildFile; fileRef = 0229C5902985FADB00751923 /* Then.swift */; };
		0266E3AF2984B6B300209F13 /* AppDelegate.swift in Sources */ = {isa = PBXBuildFile; fileRef = 0266E3AE2984B6B300209F13 /* AppDelegate.swift */; };
		0266E3B12984B6B300209F13 /* SceneDelegate.swift in Sources */ = {isa = PBXBuildFile; fileRef = 0266E3B02984B6B300209F13 /* SceneDelegate.swift */; };
		0266E3B82984B6B400209F13 /* Assets.xcassets in Resources */ = {isa = PBXBuildFile; fileRef = 0266E3B72984B6B400209F13 /* Assets.xcassets */; };
		0266E3BB2984B6B400209F13 /* LaunchScreen.storyboard in Resources */ = {isa = PBXBuildFile; fileRef = 0266E3B92984B6B400209F13 /* LaunchScreen.storyboard */; };
		0266E3E52984BDEF00209F13 /* TabBarController.swift in Sources */ = {isa = PBXBuildFile; fileRef = 0266E3E42984BDEF00209F13 /* TabBarController.swift */; };
		0266E3EA2984C4A500209F13 /* UIColor+Extension.swift in Sources */ = {isa = PBXBuildFile; fileRef = 0266E3E92984C4A500209F13 /* UIColor+Extension.swift */; };
		0266E3EC2984C58000209F13 /* Res.swift in Sources */ = {isa = PBXBuildFile; fileRef = 0266E3EB2984C58000209F13 /* Res.swift */; };
		0266E3EE2984DBA900209F13 /* NavBarController.swift in Sources */ = {isa = PBXBuildFile; fileRef = 0266E3ED2984DBA800209F13 /* NavBarController.swift */; };
		0266E3F12984DF6600209F13 /* BaseController.swift in Sources */ = {isa = PBXBuildFile; fileRef = 0266E3F02984DF6600209F13 /* BaseController.swift */; };
		0266E3F32984E28100209F13 /* UIView+Extension.swift in Sources */ = {isa = PBXBuildFile; fileRef = 0266E3F22984E28100209F13 /* UIView+Extension.swift */; };
		0266E3FA2984E59E00209F13 /* OverviewController.swift in Sources */ = {isa = PBXBuildFile; fileRef = 0266E3F92984E59E00209F13 /* OverviewController.swift */; };
		0266E3FC2984E5C700209F13 /* ProgressController.swift in Sources */ = {isa = PBXBuildFile; fileRef = 0266E3FB2984E5C700209F13 /* ProgressController.swift */; };
		0266E3FE2984E5E700209F13 /* SessionController.swift in Sources */ = {isa = PBXBuildFile; fileRef = 0266E3FD2984E5E700209F13 /* SessionController.swift */; };
		0266E4002984E60600209F13 /* SettingsController.swift in Sources */ = {isa = PBXBuildFile; fileRef = 0266E3FF2984E60600209F13 /* SettingsController.swift */; };
		0266E4072985074200209F13 /* OverviewNavBar.swift in Sources */ = {isa = PBXBuildFile; fileRef = 0266E4062985074200209F13 /* OverviewNavBar.swift */; };
		0266E409298507BA00209F13 /* BaseView.swift in Sources */ = {isa = PBXBuildFile; fileRef = 0266E408298507BA00209F13 /* BaseView.swift */; };
		0266E40B29851E8C00209F13 /* WeekView.swift in Sources */ = {isa = PBXBuildFile; fileRef = 0266E40A29851E8C00209F13 /* WeekView.swift */; };
		0266E40E2985266D00209F13 /* WeekDayView.swift in Sources */ = {isa = PBXBuildFile; fileRef = 0266E40D2985266D00209F13 /* WeekDayView.swift */; };
		0266E41029852EEA00209F13 /* Date+Extension.swift in Sources */ = {isa = PBXBuildFile; fileRef = 0266E40F29852EEA00209F13 /* Date+Extension.swift */; };
		0266E41229856D1B00209F13 /* BaseInfoView.swift in Sources */ = {isa = PBXBuildFile; fileRef = 0266E41129856D1B00209F13 /* BaseInfoView.swift */; };
		0266E4142985B18D00209F13 /* WAButton.swift in Sources */ = {isa = PBXBuildFile; fileRef = 0266E4132985B18D00209F13 /* WAButton.swift */; };
/* End PBXBuildFile section */

/* Begin PBXFileReference section */
		0229C5902985FADB00751923 /* Then.swift */ = {isa = PBXFileReference; lastKnownFileType = sourcecode.swift; path = Then.swift; sourceTree = "<group>"; };
		0266E3AB2984B6B300209F13 /* WorkoutApp.app */ = {isa = PBXFileReference; explicitFileType = wrapper.application; includeInIndex = 0; path = WorkoutApp.app; sourceTree = BUILT_PRODUCTS_DIR; };
		0266E3AE2984B6B300209F13 /* AppDelegate.swift */ = {isa = PBXFileReference; lastKnownFileType = sourcecode.swift; path = AppDelegate.swift; sourceTree = "<group>"; };
		0266E3B02984B6B300209F13 /* SceneDelegate.swift */ = {isa = PBXFileReference; lastKnownFileType = sourcecode.swift; path = SceneDelegate.swift; sourceTree = "<group>"; };
		0266E3B72984B6B400209F13 /* Assets.xcassets */ = {isa = PBXFileReference; lastKnownFileType = folder.assetcatalog; path = Assets.xcassets; sourceTree = "<group>"; };
		0266E3BA2984B6B400209F13 /* Base */ = {isa = PBXFileReference; lastKnownFileType = file.storyboard; name = Base; path = Base.lproj/LaunchScreen.storyboard; sourceTree = "<group>"; };
		0266E3BC2984B6B400209F13 /* Info.plist */ = {isa = PBXFileReference; lastKnownFileType = text.plist.xml; path = Info.plist; sourceTree = "<group>"; };
		0266E3E42984BDEF00209F13 /* TabBarController.swift */ = {isa = PBXFileReference; lastKnownFileType = sourcecode.swift; path = TabBarController.swift; sourceTree = "<group>"; };
		0266E3E62984C04500209F13 /* README.md */ = {isa = PBXFileReference; lastKnownFileType = net.daringfireball.markdown; path = README.md; sourceTree = "<group>"; };
		0266E3E92984C4A500209F13 /* UIColor+Extension.swift */ = {isa = PBXFileReference; lastKnownFileType = sourcecode.swift; path = "UIColor+Extension.swift"; sourceTree = "<group>"; };
		0266E3EB2984C58000209F13 /* Res.swift */ = {isa = PBXFileReference; lastKnownFileType = sourcecode.swift; path = Res.swift; sourceTree = "<group>"; };
		0266E3ED2984DBA800209F13 /* NavBarController.swift */ = {isa = PBXFileReference; lastKnownFileType = sourcecode.swift; path = NavBarController.swift; sourceTree = "<group>"; };
		0266E3F02984DF6600209F13 /* BaseController.swift */ = {isa = PBXFileReference; lastKnownFileType = sourcecode.swift; path = BaseController.swift; sourceTree = "<group>"; };
		0266E3F22984E28100209F13 /* UIView+Extension.swift */ = {isa = PBXFileReference; lastKnownFileType = sourcecode.swift; path = "UIView+Extension.swift"; sourceTree = "<group>"; };
		0266E3F92984E59E00209F13 /* OverviewController.swift */ = {isa = PBXFileReference; lastKnownFileType = sourcecode.swift; path = OverviewController.swift; sourceTree = "<group>"; };
		0266E3FB2984E5C700209F13 /* ProgressController.swift */ = {isa = PBXFileReference; lastKnownFileType = sourcecode.swift; path = ProgressController.swift; sourceTree = "<group>"; };
		0266E3FD2984E5E700209F13 /* SessionController.swift */ = {isa = PBXFileReference; lastKnownFileType = sourcecode.swift; path = SessionController.swift; sourceTree = "<group>"; };
		0266E3FF2984E60600209F13 /* SettingsController.swift */ = {isa = PBXFileReference; lastKnownFileType = sourcecode.swift; path = SettingsController.swift; sourceTree = "<group>"; };
		0266E4022984E75A00209F13 /* workout.png */ = {isa = PBXFileReference; lastKnownFileType = image.png; path = workout.png; sourceTree = "<group>"; };
		0266E4062985074200209F13 /* OverviewNavBar.swift */ = {isa = PBXFileReference; lastKnownFileType = sourcecode.swift; path = OverviewNavBar.swift; sourceTree = "<group>"; };
		0266E408298507BA00209F13 /* BaseView.swift */ = {isa = PBXFileReference; lastKnownFileType = sourcecode.swift; path = BaseView.swift; sourceTree = "<group>"; };
		0266E40A29851E8C00209F13 /* WeekView.swift */ = {isa = PBXFileReference; lastKnownFileType = sourcecode.swift; path = WeekView.swift; sourceTree = "<group>"; };
		0266E40D2985266D00209F13 /* WeekDayView.swift */ = {isa = PBXFileReference; lastKnownFileType = sourcecode.swift; path = WeekDayView.swift; sourceTree = "<group>"; };
		0266E40F29852EEA00209F13 /* Date+Extension.swift */ = {isa = PBXFileReference; lastKnownFileType = sourcecode.swift; path = "Date+Extension.swift"; sourceTree = "<group>"; };
		0266E41129856D1B00209F13 /* BaseInfoView.swift */ = {isa = PBXFileReference; lastKnownFileType = sourcecode.swift; path = BaseInfoView.swift; sourceTree = "<group>"; };
		0266E4132985B18D00209F13 /* WAButton.swift */ = {isa = PBXFileReference; lastKnownFileType = sourcecode.swift; path = WAButton.swift; sourceTree = "<group>"; };
/* End PBXFileReference section */

/* Begin PBXFrameworksBuildPhase section */
		0266E3A82984B6B300209F13 /* Frameworks */ = {
			isa = PBXFrameworksBuildPhase;
			buildActionMask = 2147483647;
			files = (
			);
			runOnlyForDeploymentPostprocessing = 0;
		};
/* End PBXFrameworksBuildPhase section */

/* Begin PBXGroup section */
		0266E3A22984B6B300209F13 = {
			isa = PBXGroup;
			children = (
				0266E3E62984C04500209F13 /* README.md */,
				0266E4012984E74600209F13 /* img */,
				0266E3AD2984B6B300209F13 /* WorkoutApp */,
				0266E3AC2984B6B300209F13 /* Products */,
			);
			sourceTree = "<group>";
		};
		0266E3AC2984B6B300209F13 /* Products */ = {
			isa = PBXGroup;
			children = (
				0266E3AB2984B6B300209F13 /* WorkoutApp.app */,
			);
			name = Products;
			sourceTree = "<group>";
		};
		0266E3AD2984B6B300209F13 /* WorkoutApp */ = {
			isa = PBXGroup;
			children = (
				0266E3E72984C48300209F13 /* Helpers */,
				0266E3C32984B76C00209F13 /* Application */,
				0266E3C22984B71400209F13 /* Supporting Files */,
				0266E3EF2984DF5500209F13 /* Controllers */,
			);
			path = WorkoutApp;
			sourceTree = "<group>";
		};
		0266E3C22984B71400209F13 /* Supporting Files */ = {
			isa = PBXGroup;
			children = (
				0266E3B72984B6B400209F13 /* Assets.xcassets */,
				0266E3B92984B6B400209F13 /* LaunchScreen.storyboard */,
				0266E3BC2984B6B400209F13 /* Info.plist */,
			);
			name = "Supporting Files";
			sourceTree = "<group>";
		};
		0266E3C32984B76C00209F13 /* Application */ = {
			isa = PBXGroup;
			children = (
				0266E3AE2984B6B300209F13 /* AppDelegate.swift */,
				0266E3B02984B6B300209F13 /* SceneDelegate.swift */,
			);
			name = Application;
			sourceTree = "<group>";
		};
		0266E3E72984C48300209F13 /* Helpers */ = {
			isa = PBXGroup;
			children = (
				0266E3E82984C48B00209F13 /* Extensions */,
				0266E3EB2984C58000209F13 /* Res.swift */,
				0229C5902985FADB00751923 /* Then.swift */,
			);
			name = Helpers;
			sourceTree = "<group>";
		};
		0266E3E82984C48B00209F13 /* Extensions */ = {
			isa = PBXGroup;
			children = (
				0266E3E92984C4A500209F13 /* UIColor+Extension.swift */,
				0266E3F22984E28100209F13 /* UIView+Extension.swift */,
				0266E40F29852EEA00209F13 /* Date+Extension.swift */,
			);
			name = Extensions;
			sourceTree = "<group>";
		};
		0266E3EF2984DF5500209F13 /* Controllers */ = {
			isa = PBXGroup;
			children = (
				0266E3F82984E58C00209F13 /* Overview */,
				0266E3F72984E58600209F13 /* Progress */,
				0266E3F62984E57D00209F13 /* Session */,
				0266E3F52984E57100209F13 /* Settings */,
				0266E3F42984E56B00209F13 /* Base */,
			);
			name = Controllers;
			sourceTree = "<group>";
		};
		0266E3F42984E56B00209F13 /* Base */ = {
			isa = PBXGroup;
			children = (
				0266E3E42984BDEF00209F13 /* TabBarController.swift */,
				0266E3ED2984DBA800209F13 /* NavBarController.swift */,
				0266E3F02984DF6600209F13 /* BaseController.swift */,
				0266E408298507BA00209F13 /* BaseView.swift */,
				0266E41129856D1B00209F13 /* BaseInfoView.swift */,
				0266E4132985B18D00209F13 /* WAButton.swift */,
			);
			name = Base;
			sourceTree = "<group>";
		};
		0266E3F52984E57100209F13 /* Settings */ = {
			isa = PBXGroup;
			children = (
				0266E3FF2984E60600209F13 /* SettingsController.swift */,
			);
			name = Settings;
			sourceTree = "<group>";
		};
		0266E3F62984E57D00209F13 /* Session */ = {
			isa = PBXGroup;
			children = (
				0266E3FD2984E5E700209F13 /* SessionController.swift */,
			);
			name = Session;
			sourceTree = "<group>";
		};
		0266E3F72984E58600209F13 /* Progress */ = {
			isa = PBXGroup;
			children = (
				0266E3FB2984E5C700209F13 /* ProgressController.swift */,
			);
			name = Progress;
			sourceTree = "<group>";
		};
		0266E3F82984E58C00209F13 /* Overview */ = {
			isa = PBXGroup;
			children = (
				0266E4032984F59C00209F13 /* Views */,
				0266E3F92984E59E00209F13 /* OverviewController.swift */,
			);
			name = Overview;
			sourceTree = "<group>";
		};
		0266E4012984E74600209F13 /* img */ = {
			isa = PBXGroup;
			children = (
				0266E4022984E75A00209F13 /* workout.png */,
			);
			path = img;
			sourceTree = "<group>";
		};
		0266E4032984F59C00209F13 /* Views */ = {
			isa = PBXGroup;
			children = (
				0266E4062985074200209F13 /* OverviewNavBar.swift */,
				0266E40C2985266000209F13 /* Week */,
			);
			name = Views;
			sourceTree = "<group>";
		};
		0266E40C2985266000209F13 /* Week */ = {
			isa = PBXGroup;
			children = (
				0266E40A29851E8C00209F13 /* WeekView.swift */,
				0266E40D2985266D00209F13 /* WeekDayView.swift */,
			);
			name = Week;
			sourceTree = "<group>";
		};
/* End PBXGroup section */

/* Begin PBXNativeTarget section */
		0266E3AA2984B6B300209F13 /* WorkoutApp */ = {
			isa = PBXNativeTarget;
			buildConfigurationList = 0266E3BF2984B6B400209F13 /* Build configuration list for PBXNativeTarget "WorkoutApp" */;
			buildPhases = (
				0266E3A72984B6B300209F13 /* Sources */,
				0266E3A82984B6B300209F13 /* Frameworks */,
				0266E3A92984B6B300209F13 /* Resources */,
			);
			buildRules = (
			);
			dependencies = (
			);
			name = WorkoutApp;
			productName = WorkoutApp;
			productReference = 0266E3AB2984B6B300209F13 /* WorkoutApp.app */;
			productType = "com.apple.product-type.application";
		};
/* End PBXNativeTarget section */

/* Begin PBXProject section */
		0266E3A32984B6B300209F13 /* Project object */ = {
			isa = PBXProject;
			attributes = {
				BuildIndependentTargetsInParallel = 1;
				LastSwiftUpdateCheck = 1420;
				LastUpgradeCheck = 1420;
				TargetAttributes = {
					0266E3AA2984B6B300209F13 = {
						CreatedOnToolsVersion = 14.2;
					};
				};
			};
			buildConfigurationList = 0266E3A62984B6B300209F13 /* Build configuration list for PBXProject "WorkoutApp" */;
			compatibilityVersion = "Xcode 13.0";
			developmentRegion = en;
			hasScannedForEncodings = 0;
			knownRegions = (
				en,
				Base,
			);
			mainGroup = 0266E3A22984B6B300209F13;
			productRefGroup = 0266E3AC2984B6B300209F13 /* Products */;
			projectDirPath = "";
			projectRoot = "";
			targets = (
				0266E3AA2984B6B300209F13 /* WorkoutApp */,
			);
		};
/* End PBXProject section */

/* Begin PBXResourcesBuildPhase section */
		0266E3A92984B6B300209F13 /* Resources */ = {
			isa = PBXResourcesBuildPhase;
			buildActionMask = 2147483647;
			files = (
				0266E3BB2984B6B400209F13 /* LaunchScreen.storyboard in Resources */,
				0266E3B82984B6B400209F13 /* Assets.xcassets in Resources */,
			);
			runOnlyForDeploymentPostprocessing = 0;
		};
/* End PBXResourcesBuildPhase section */

/* Begin PBXSourcesBuildPhase section */
		0266E3A72984B6B300209F13 /* Sources */ = {
			isa = PBXSourcesBuildPhase;
			buildActionMask = 2147483647;
			files = (
				0266E40B29851E8C00209F13 /* WeekView.swift in Sources */,
				0266E4002984E60600209F13 /* SettingsController.swift in Sources */,
				0266E3E52984BDEF00209F13 /* TabBarController.swift in Sources */,
				0266E4072985074200209F13 /* OverviewNavBar.swift in Sources */,
				0266E3AF2984B6B300209F13 /* AppDelegate.swift in Sources */,
				0266E3F32984E28100209F13 /* UIView+Extension.swift in Sources */,
				0266E4142985B18D00209F13 /* WAButton.swift in Sources */,
				0266E3EE2984DBA900209F13 /* NavBarController.swift in Sources */,
				0266E3FC2984E5C700209F13 /* ProgressController.swift in Sources */,
				0266E41229856D1B00209F13 /* BaseInfoView.swift in Sources */,
				0266E3EC2984C58000209F13 /* Res.swift in Sources */,
				0266E3B12984B6B300209F13 /* SceneDelegate.swift in Sources */,
				0229C5912985FADB00751923 /* Then.swift in Sources */,
				0266E3F12984DF6600209F13 /* BaseController.swift in Sources */,
				0266E3FA2984E59E00209F13 /* OverviewController.swift in Sources */,
				0266E409298507BA00209F13 /* BaseView.swift in Sources */,
				0266E40E2985266D00209F13 /* WeekDayView.swift in Sources */,
				0266E3FE2984E5E700209F13 /* SessionController.swift in Sources */,
				0266E3EA2984C4A500209F13 /* UIColor+Extension.swift in Sources */,
				0266E41029852EEA00209F13 /* Date+Extension.swift in Sources */,
			);
			runOnlyForDeploymentPostprocessing = 0;
		};
/* End PBXSourcesBuildPhase section */

/* Begin PBXVariantGroup section */
		0266E3B92984B6B400209F13 /* LaunchScreen.storyboard */ = {
			isa = PBXVariantGroup;
			children = (
				0266E3BA2984B6B400209F13 /* Base */,
			);
			name = LaunchScreen.storyboard;
			sourceTree = "<group>";
		};
/* End PBXVariantGroup section */

/* Begin XCBuildConfiguration section */
		0266E3BD2984B6B400209F13 /* Debug */ = {
			isa = XCBuildConfiguration;
			buildSettings = {
				ALWAYS_SEARCH_USER_PATHS = NO;
				CLANG_ANALYZER_NONNULL = YES;
				CLANG_ANALYZER_NUMBER_OBJECT_CONVERSION = YES_AGGRESSIVE;
				CLANG_CXX_LANGUAGE_STANDARD = "gnu++20";
				CLANG_ENABLE_MODULES = YES;
				CLANG_ENABLE_OBJC_ARC = YES;
				CLANG_ENABLE_OBJC_WEAK = YES;
				CLANG_WARN_BLOCK_CAPTURE_AUTORELEASING = YES;
				CLANG_WARN_BOOL_CONVERSION = YES;
				CLANG_WARN_COMMA = YES;
				CLANG_WARN_CONSTANT_CONVERSION = YES;
				CLANG_WARN_DEPRECATED_OBJC_IMPLEMENTATIONS = YES;
				CLANG_WARN_DIRECT_OBJC_ISA_USAGE = YES_ERROR;
				CLANG_WARN_DOCUMENTATION_COMMENTS = YES;
				CLANG_WARN_EMPTY_BODY = YES;
				CLANG_WARN_ENUM_CONVERSION = YES;
				CLANG_WARN_INFINITE_RECURSION = YES;
				CLANG_WARN_INT_CONVERSION = YES;
				CLANG_WARN_NON_LITERAL_NULL_CONVERSION = YES;
				CLANG_WARN_OBJC_IMPLICIT_RETAIN_SELF = YES;
				CLANG_WARN_OBJC_LITERAL_CONVERSION = YES;
				CLANG_WARN_OBJC_ROOT_CLASS = YES_ERROR;
				CLANG_WARN_QUOTED_INCLUDE_IN_FRAMEWORK_HEADER = YES;
				CLANG_WARN_RANGE_LOOP_ANALYSIS = YES;
				CLANG_WARN_STRICT_PROTOTYPES = YES;
				CLANG_WARN_SUSPICIOUS_MOVE = YES;
				CLANG_WARN_UNGUARDED_AVAILABILITY = YES_AGGRESSIVE;
				CLANG_WARN_UNREACHABLE_CODE = YES;
				CLANG_WARN__DUPLICATE_METHOD_MATCH = YES;
				COPY_PHASE_STRIP = NO;
				DEBUG_INFORMATION_FORMAT = dwarf;
				ENABLE_STRICT_OBJC_MSGSEND = YES;
				ENABLE_TESTABILITY = YES;
				GCC_C_LANGUAGE_STANDARD = gnu11;
				GCC_DYNAMIC_NO_PIC = NO;
				GCC_NO_COMMON_BLOCKS = YES;
				GCC_OPTIMIZATION_LEVEL = 0;
				GCC_PREPROCESSOR_DEFINITIONS = (
					"DEBUG=1",
					"$(inherited)",
				);
				GCC_WARN_64_TO_32_BIT_CONVERSION = YES;
				GCC_WARN_ABOUT_RETURN_TYPE = YES_ERROR;
				GCC_WARN_UNDECLARED_SELECTOR = YES;
				GCC_WARN_UNINITIALIZED_AUTOS = YES_AGGRESSIVE;
				GCC_WARN_UNUSED_FUNCTION = YES;
				GCC_WARN_UNUSED_VARIABLE = YES;
				IPHONEOS_DEPLOYMENT_TARGET = 16.2;
				MTL_ENABLE_DEBUG_INFO = INCLUDE_SOURCE;
				MTL_FAST_MATH = YES;
				ONLY_ACTIVE_ARCH = YES;
				SDKROOT = iphoneos;
				SWIFT_ACTIVE_COMPILATION_CONDITIONS = DEBUG;
				SWIFT_OPTIMIZATION_LEVEL = "-Onone";
			};
			name = Debug;
		};
		0266E3BE2984B6B400209F13 /* Release */ = {
			isa = XCBuildConfiguration;
			buildSettings = {
				ALWAYS_SEARCH_USER_PATHS = NO;
				CLANG_ANALYZER_NONNULL = YES;
				CLANG_ANALYZER_NUMBER_OBJECT_CONVERSION = YES_AGGRESSIVE;
				CLANG_CXX_LANGUAGE_STANDARD = "gnu++20";
				CLANG_ENABLE_MODULES = YES;
				CLANG_ENABLE_OBJC_ARC = YES;
				CLANG_ENABLE_OBJC_WEAK = YES;
				CLANG_WARN_BLOCK_CAPTURE_AUTORELEASING = YES;
				CLANG_WARN_BOOL_CONVERSION = YES;
				CLANG_WARN_COMMA = YES;
				CLANG_WARN_CONSTANT_CONVERSION = YES;
				CLANG_WARN_DEPRECATED_OBJC_IMPLEMENTATIONS = YES;
				CLANG_WARN_DIRECT_OBJC_ISA_USAGE = YES_ERROR;
				CLANG_WARN_DOCUMENTATION_COMMENTS = YES;
				CLANG_WARN_EMPTY_BODY = YES;
				CLANG_WARN_ENUM_CONVERSION = YES;
				CLANG_WARN_INFINITE_RECURSION = YES;
				CLANG_WARN_INT_CONVERSION = YES;
				CLANG_WARN_NON_LITERAL_NULL_CONVERSION = YES;
				CLANG_WARN_OBJC_IMPLICIT_RETAIN_SELF = YES;
				CLANG_WARN_OBJC_LITERAL_CONVERSION = YES;
				CLANG_WARN_OBJC_ROOT_CLASS = YES_ERROR;
				CLANG_WARN_QUOTED_INCLUDE_IN_FRAMEWORK_HEADER = YES;
				CLANG_WARN_RANGE_LOOP_ANALYSIS = YES;
				CLANG_WARN_STRICT_PROTOTYPES = YES;
				CLANG_WARN_SUSPICIOUS_MOVE = YES;
				CLANG_WARN_UNGUARDED_AVAILABILITY = YES_AGGRESSIVE;
				CLANG_WARN_UNREACHABLE_CODE = YES;
				CLANG_WARN__DUPLICATE_METHOD_MATCH = YES;
				COPY_PHASE_STRIP = NO;
				DEBUG_INFORMATION_FORMAT = "dwarf-with-dsym";
				ENABLE_NS_ASSERTIONS = NO;
				ENABLE_STRICT_OBJC_MSGSEND = YES;
				GCC_C_LANGUAGE_STANDARD = gnu11;
				GCC_NO_COMMON_BLOCKS = YES;
				GCC_WARN_64_TO_32_BIT_CONVERSION = YES;
				GCC_WARN_ABOUT_RETURN_TYPE = YES_ERROR;
				GCC_WARN_UNDECLARED_SELECTOR = YES;
				GCC_WARN_UNINITIALIZED_AUTOS = YES_AGGRESSIVE;
				GCC_WARN_UNUSED_FUNCTION = YES;
				GCC_WARN_UNUSED_VARIABLE = YES;
				IPHONEOS_DEPLOYMENT_TARGET = 16.2;
				MTL_ENABLE_DEBUG_INFO = NO;
				MTL_FAST_MATH = YES;
				SDKROOT = iphoneos;
				SWIFT_COMPILATION_MODE = wholemodule;
				SWIFT_OPTIMIZATION_LEVEL = "-O";
				VALIDATE_PRODUCT = YES;
			};
			name = Release;
		};
		0266E3C02984B6B400209F13 /* Debug */ = {
			isa = XCBuildConfiguration;
			buildSettings = {
				ASSETCATALOG_COMPILER_APPICON_NAME = AppIcon;
				ASSETCATALOG_COMPILER_GLOBAL_ACCENT_COLOR_NAME = AccentColor;
				CODE_SIGN_STYLE = Automatic;
				CURRENT_PROJECT_VERSION = 1;
				DEVELOPMENT_TEAM = 723HTEFHBA;
				GENERATE_INFOPLIST_FILE = YES;
				INFOPLIST_FILE = WorkoutApp/Info.plist;
				INFOPLIST_KEY_LSApplicationCategoryType = "";
				INFOPLIST_KEY_UIApplicationSupportsIndirectInputEvents = YES;
				INFOPLIST_KEY_UILaunchStoryboardName = LaunchScreen;
				INFOPLIST_KEY_UISupportedInterfaceOrientations = UIInterfaceOrientationPortrait;
				INFOPLIST_KEY_UISupportedInterfaceOrientations_iPad = "UIInterfaceOrientationLandscapeLeft UIInterfaceOrientationLandscapeRight UIInterfaceOrientationPortrait UIInterfaceOrientationPortraitUpsideDown";
				IPHONEOS_DEPLOYMENT_TARGET = 15.0;
				LD_RUNPATH_SEARCH_PATHS = (
					"$(inherited)",
					"@executable_path/Frameworks",
				);
				MARKETING_VERSION = 0.0.1;
				PRODUCT_BUNDLE_IDENTIFIER = ru.fibeApp.WorkoutApp;
				PRODUCT_NAME = "$(TARGET_NAME)";
				SWIFT_EMIT_LOC_STRINGS = YES;
				SWIFT_VERSION = 5.0;
				TARGETED_DEVICE_FAMILY = "1,2";
			};
			name = Debug;
		};
		0266E3C12984B6B400209F13 /* Release */ = {
			isa = XCBuildConfiguration;
			buildSettings = {
				ASSETCATALOG_COMPILER_APPICON_NAME = AppIcon;
				ASSETCATALOG_COMPILER_GLOBAL_ACCENT_COLOR_NAME = AccentColor;
				CODE_SIGN_STYLE = Automatic;
				CURRENT_PROJECT_VERSION = 1;
				DEVELOPMENT_TEAM = 723HTEFHBA;
				GENERATE_INFOPLIST_FILE = YES;
				INFOPLIST_FILE = WorkoutApp/Info.plist;
				INFOPLIST_KEY_LSApplicationCategoryType = "";
				INFOPLIST_KEY_UIApplicationSupportsIndirectInputEvents = YES;
				INFOPLIST_KEY_UILaunchStoryboardName = LaunchScreen;
				INFOPLIST_KEY_UISupportedInterfaceOrientations = UIInterfaceOrientationPortrait;
				INFOPLIST_KEY_UISupportedInterfaceOrientations_iPad = "UIInterfaceOrientationLandscapeLeft UIInterfaceOrientationLandscapeRight UIInterfaceOrientationPortrait UIInterfaceOrientationPortraitUpsideDown";
				IPHONEOS_DEPLOYMENT_TARGET = 15.0;
				LD_RUNPATH_SEARCH_PATHS = (
					"$(inherited)",
					"@executable_path/Frameworks",
				);
				MARKETING_VERSION = 0.0.1;
				PRODUCT_BUNDLE_IDENTIFIER = ru.fibeApp.WorkoutApp;
				PRODUCT_NAME = "$(TARGET_NAME)";
				SWIFT_EMIT_LOC_STRINGS = YES;
				SWIFT_VERSION = 5.0;
				TARGETED_DEVICE_FAMILY = "1,2";
			};
			name = Release;
		};
/* End XCBuildConfiguration section */

/* Begin XCConfigurationList section */
		0266E3A62984B6B300209F13 /* Build configuration list for PBXProject "WorkoutApp" */ = {
			isa = XCConfigurationList;
			buildConfigurations = (
				0266E3BD2984B6B400209F13 /* Debug */,
				0266E3BE2984B6B400209F13 /* Release */,
			);
			defaultConfigurationIsVisible = 0;
			defaultConfigurationName = Release;
		};
		0266E3BF2984B6B400209F13 /* Build configuration list for PBXNativeTarget "WorkoutApp" */ = {
			isa = XCConfigurationList;
			buildConfigurations = (
				0266E3C02984B6B400209F13 /* Debug */,
				0266E3C12984B6B400209F13 /* Release */,
			);
			defaultConfigurationIsVisible = 0;
			defaultConfigurationName = Release;
		};
/* End XCConfigurationList section */
	};
	rootObject = 0266E3A32984B6B300209F13 /* Project object */;
}
